[[package]]
name = "aicsimageio"
version = "3.1.4"
description = "Python library for reading and writing image data with special handlers for bio-formats from Allen Institute for Cell Science."
category = "main"
optional = false
python-versions = ">=3.6"

[package.dependencies]
aicspylibczi = ">=2.5.0"
dask = ">=2.9.0"
distributed = ">=2.9.3"
imageio = ">=2.3.0"
lxml = ">=4.4.2"
numpy = ">=1.16"
tifffile = ">=2019.7.26.2"
toolz = ">=0.10.0"

[package.extras]
all = ["aicspylibczi (>=2.5.0)", "dask (>=2.9.0)", "distributed (>=2.9.3)", "numpy (>=1.16)", "imageio (>=2.3.0)", "lxml (>=4.4.2)", "tifffile (>=2019.7.26.2)", "toolz (>=0.10.0)", "codecov", "flake8", "napari", "psutil", "pytest", "pytest-cov", "pytest-raises", "pytest-runner", "bumpversion (>=0.5.3)", "coverage (>=5.0a4)", "flake8 (>=3.7.7)", "gitchangelog (>=3.0.4)", "ipython (>=7.5.0)", "m2r (>=0.2.1)", "pytest (>=4.3.0)", "pytest-cov (==2.6.1)", "pytest-raises (>=0.10)", "pytest-runner (>=4.4)", "Sphinx (>=2.0.0b1)", "sphinx-rtd-theme (>=0.1.2)", "tox (>=3.5.2)", "twine (>=1.13.0)", "wheel (>=0.33.1)", "altair", "bokeh", "jupyterlab", "matplotlib", "napari (>=0.2.10)", "pillow"]
dev = ["bumpversion (>=0.5.3)", "coverage (>=5.0a4)", "flake8 (>=3.7.7)", "gitchangelog (>=3.0.4)", "ipython (>=7.5.0)", "m2r (>=0.2.1)", "pytest (>=4.3.0)", "pytest-cov (==2.6.1)", "pytest-raises (>=0.10)", "pytest-runner (>=4.4)", "Sphinx (>=2.0.0b1)", "sphinx-rtd-theme (>=0.1.2)", "tox (>=3.5.2)", "twine (>=1.13.0)", "wheel (>=0.33.1)"]
interactive = ["altair", "bokeh", "jupyterlab", "matplotlib", "napari (>=0.2.10)", "pillow"]
setup = ["pytest-runner"]
test = ["codecov", "flake8", "napari", "psutil", "pytest", "pytest-cov", "pytest-raises"]

[[package]]
name = "aicspylibczi"
version = "3.0.5"
description = "A python module and a python extension for Zeiss (CZI/ZISRAW) microscopy files."
category = "main"
optional = false
python-versions = "*"

[package.dependencies]
numpy = ">=1.14.1"

[package.extras]
all = ["numpy (>=1.14.1)", "codecov", "flake8", "pytest", "pytest-cov", "pytest-raises", "pytest-xdist", "pytest-runner", "bump2version (>=1.0.1)", "coverage (>=5.0a4)", "flake8 (>=3.7.7)", "ipython (>=7.5.0)", "m2r2 (>=0.2.7)", "pytest (>=4.3.0)", "pytest-cov (==2.6.1)", "pytest-raises (>=0.10)", "pytest-runner (>=4.4)", "Sphinx (>=2.3.0,<3)", "sphinx-rtd-theme (>=0.1.2)", "breathe", "tox (>=3.5.2)", "twine (>=1.13.0)", "wheel (>=0.33.1)", "cmake", "altair", "jupyterlab", "matplotlib", "pillow"]
dev = ["bump2version (>=1.0.1)", "coverage (>=5.0a4)", "flake8 (>=3.7.7)", "ipython (>=7.5.0)", "m2r2 (>=0.2.7)", "pytest (>=4.3.0)", "pytest-cov (==2.6.1)", "pytest-raises (>=0.10)", "pytest-runner (>=4.4)", "Sphinx (>=2.3.0,<3)", "sphinx-rtd-theme (>=0.1.2)", "breathe", "tox (>=3.5.2)", "twine (>=1.13.0)", "wheel (>=0.33.1)", "cmake"]
interactive = ["altair", "jupyterlab", "matplotlib", "pillow"]
setup = ["pytest-runner"]
test = ["codecov", "flake8", "pytest", "pytest-cov", "pytest-raises", "pytest-xdist"]

[[package]]
name = "aiobotocore"
version = "2.4.1"
description = "Async client for aws services using botocore and aiohttp"
category = "main"
optional = false
python-versions = ">=3.7"

[package.dependencies]
aiohttp = ">=3.3.1"
aioitertools = ">=0.5.1"
botocore = ">=1.27.59,<1.27.60"
wrapt = ">=1.10.10"

[package.extras]
awscli = ["awscli (>=1.25.60,<1.25.61)"]
boto3 = ["boto3 (>=1.24.59,<1.24.60)"]

[[package]]
name = "aiohttp"
version = "3.8.3"
description = "Async http client/server framework (asyncio)"
category = "main"
optional = false
python-versions = ">=3.6"

[package.dependencies]
aiosignal = ">=1.1.2"
async-timeout = ">=4.0.0a3,<5.0"
attrs = ">=17.3.0"
charset-normalizer = ">=2.0,<3.0"
frozenlist = ">=1.1.1"
multidict = ">=4.5,<7.0"
yarl = ">=1.0,<2.0"

[package.extras]
speedups = ["aiodns", "brotli", "cchardet"]

[[package]]
name = "aioitertools"
version = "0.11.0"
description = "itertools and builtins for AsyncIO and mixed iterables"
category = "main"
optional = false
python-versions = ">=3.6"

[[package]]
name = "aiosignal"
version = "1.3.1"
description = "aiosignal: a list of registered asynchronous callbacks"
category = "main"
optional = false
python-versions = ">=3.7"

[package.dependencies]
frozenlist = ">=1.1.0"

[[package]]
name = "anyio"
version = "3.6.2"
description = "High level compatibility layer for multiple asynchronous event loop implementations"
category = "main"
optional = false
python-versions = ">=3.6.2"

[package.dependencies]
idna = ">=2.8"
sniffio = ">=1.1"

[package.extras]
doc = ["packaging", "sphinx-rtd-theme", "sphinx-autodoc-typehints (>=1.2.0)"]
test = ["coverage[toml] (>=4.5)", "hypothesis (>=4.0)", "pytest (>=7.0)", "pytest-mock (>=3.6.1)", "trustme", "contextlib2", "uvloop (<0.15)", "mock (>=4)", "uvloop (>=0.15)"]
trio = ["trio (>=0.16,<0.22)"]

[[package]]
name = "ariadne"
version = "0.14.1"
description = "Ariadne is a Python library for implementing GraphQL servers."
category = "main"
optional = false
python-versions = "*"

[package.dependencies]
graphql-core = ">=3.1.0,<3.2"
starlette = "<0.18"
typing-extensions = ">=3.6.0"

[package.extras]
asgi-file-uploads = ["python-multipart (>=0.0.5)"]

[[package]]
name = "asgiproxy"
version = "0.0"
description = ""
category = "dev"
optional = false
python-versions = "*"

[package.dependencies]
aiohttp = "*"
starlette = "*"
websockets = "*"

[package.extras]
dev = ["asgiref", "flake8", "pytest", "pytest-asyncio", "pytest-cov"]

[[package]]
name = "asgiref"
version = "3.5.2"
description = "ASGI specs, helper code, and adapters"
category = "dev"
optional = false
python-versions = ">=3.7"

[package.extras]
tests = ["pytest", "pytest-asyncio", "mypy (>=0.800)"]

[[package]]
name = "async-timeout"
version = "4.0.2"
description = "Timeout context manager for asyncio programs"
category = "main"
optional = false
python-versions = ">=3.6"

[[package]]
name = "attrs"
version = "22.1.0"
description = "Classes Without Boilerplate"
category = "main"
optional = false
python-versions = ">=3.5"

[package.extras]
dev = ["coverage[toml] (>=5.0.2)", "hypothesis", "pympler", "pytest (>=4.3.0)", "mypy (>=0.900,!=0.940)", "pytest-mypy-plugins", "zope.interface", "furo", "sphinx", "sphinx-notfound-page", "pre-commit", "cloudpickle"]
docs = ["furo", "sphinx", "zope.interface", "sphinx-notfound-page"]
tests = ["coverage[toml] (>=5.0.2)", "hypothesis", "pympler", "pytest (>=4.3.0)", "mypy (>=0.900,!=0.940)", "pytest-mypy-plugins", "zope.interface", "cloudpickle"]
tests_no_zope = ["coverage[toml] (>=5.0.2)", "hypothesis", "pympler", "pytest (>=4.3.0)", "mypy (>=0.900,!=0.940)", "pytest-mypy-plugins", "cloudpickle"]

[[package]]
name = "beautifulsoup4"
version = "4.11.1"
description = "Screen-scraping library"
category = "main"
optional = false
python-versions = ">=3.6.0"

[package.dependencies]
soupsieve = ">1.2"

[package.extras]
html5lib = ["html5lib"]
lxml = ["lxml"]

[[package]]
name = "black"
version = "22.12.0"
description = "The uncompromising code formatter."
category = "dev"
optional = false
python-versions = ">=3.7"

[package.dependencies]
click = ">=8.0.0"
mypy-extensions = ">=0.4.3"
pathspec = ">=0.9.0"
platformdirs = ">=2"
tomli = {version = ">=1.1.0", markers = "python_full_version < \"3.11.0a7\""}

[package.extras]
colorama = ["colorama (>=0.4.3)"]
d = ["aiohttp (>=3.7.4)"]
jupyter = ["ipython (>=7.8.0)", "tokenize-rt (>=3.2.0)"]
uvloop = ["uvloop (>=0.15.2)"]

[[package]]
name = "bleach"
version = "5.0.1"
description = "An easy safelist-based HTML-sanitizing tool."
category = "main"
optional = false
python-versions = ">=3.7"

[package.dependencies]
six = ">=1.9.0"
webencodings = "*"

[package.extras]
css = ["tinycss2 (>=1.1.0,<1.2)"]
dev = ["build (==0.8.0)", "flake8 (==4.0.1)", "hashin (==0.17.0)", "pip-tools (==6.6.2)", "pytest (==7.1.2)", "Sphinx (==4.3.2)", "tox (==3.25.0)", "twine (==4.0.1)", "wheel (==0.37.1)", "black (==22.3.0)", "mypy (==0.961)"]

[[package]]
name = "boto3"
version = "1.24.59"
description = "The AWS SDK for Python"
category = "main"
optional = false
python-versions = ">= 3.7"

[package.dependencies]
botocore = ">=1.27.59,<1.28.0"
jmespath = ">=0.7.1,<2.0.0"
s3transfer = ">=0.6.0,<0.7.0"

[package.extras]
crt = ["botocore[crt] (>=1.21.0,<2.0a0)"]

[[package]]
name = "botocore"
version = "1.27.59"
description = "Low-level, data-driven core of boto 3."
category = "main"
optional = false
python-versions = ">= 3.7"

[package.dependencies]
jmespath = ">=0.7.1,<2.0.0"
python-dateutil = ">=2.1,<3.0.0"
urllib3 = ">=1.25.4,<1.27"

[package.extras]
crt = ["awscrt (==0.14.0)"]

[[package]]
name = "cachetools"
version = "5.2.0"
description = "Extensible memoizing collections and decorators"
category = "main"
optional = false
python-versions = "~=3.7"

[[package]]
name = "certifi"
version = "2022.12.7"
description = "Python package for providing Mozilla's CA Bundle."
category = "main"
optional = false
python-versions = ">=3.6"

[[package]]
name = "cffi"
version = "1.15.1"
description = "Foreign Function Interface for Python calling C code."
category = "main"
optional = false
python-versions = "*"

[package.dependencies]
pycparser = "*"

[[package]]
name = "charset-normalizer"
version = "2.1.1"
description = "The Real First Universal Charset Detector. Open, modern and actively maintained alternative to Chardet."
category = "main"
optional = false
python-versions = ">=3.6.0"

[package.extras]
unicode_backport = ["unicodedata2"]

[[package]]
name = "click"
version = "8.1.3"
description = "Composable command line interface toolkit"
category = "main"
optional = false
python-versions = ">=3.7"

[package.dependencies]
colorama = {version = "*", markers = "platform_system == \"Windows\""}

[[package]]
name = "cloudpickle"
version = "2.2.0"
description = "Extended pickling support for Python objects"
category = "main"
optional = false
python-versions = ">=3.6"

[[package]]
name = "colorama"
version = "0.4.6"
description = "Cross-platform colored terminal text."
category = "main"
optional = false
python-versions = "!=3.0.*,!=3.1.*,!=3.2.*,!=3.3.*,!=3.4.*,!=3.5.*,!=3.6.*,>=2.7"

[[package]]
name = "dask"
version = "2022.12.0"
description = "Parallel PyData with Task Scheduling"
category = "main"
optional = false
python-versions = ">=3.8"

[package.dependencies]
click = ">=7.0"
cloudpickle = ">=1.1.1"
fsspec = ">=0.6.0"
packaging = ">=20.0"
partd = ">=0.3.10"
pyyaml = ">=5.3.1"
toolz = ">=0.8.2"

[package.extras]
array = ["numpy (>=1.18)"]
complete = ["bokeh (>=2.4.2,<3)", "distributed (==2022.12.0)", "jinja2", "numpy (>=1.18)", "pandas (>=1.0)"]
dataframe = ["numpy (>=1.18)", "pandas (>=1.0)"]
diagnostics = ["bokeh (>=2.4.2,<3)", "jinja2"]
distributed = ["distributed (==2022.12.0)"]
test = ["pandas", "pytest", "pytest-rerunfailures", "pytest-xdist", "pre-commit"]

[[package]]
name = "defusedxml"
version = "0.7.1"
description = "XML bomb protection for Python stdlib modules"
category = "main"
optional = false
python-versions = ">=2.7, !=3.0.*, !=3.1.*, !=3.2.*, !=3.3.*, !=3.4.*"

[[package]]
name = "distributed"
version = "2022.12.0"
description = "Distributed scheduler for Dask"
category = "main"
optional = false
python-versions = ">=3.8"

[package.dependencies]
click = ">=7.0"
cloudpickle = ">=1.5.0"
dask = "2022.12.0"
jinja2 = "*"
locket = ">=1.0.0"
msgpack = ">=0.6.0"
packaging = ">=20.0"
psutil = ">=5.0"
pyyaml = "*"
sortedcontainers = "<2.0.0 || >2.0.0,<2.0.1 || >2.0.1"
tblib = ">=1.6.0"
toolz = ">=0.10.0"
tornado = ">=6.0.3"
urllib3 = "*"
zict = ">=0.1.3"

[[package]]
name = "entrypoints"
version = "0.4"
description = "Discover and load entry points from installed packages."
category = "main"
optional = false
python-versions = ">=3.6"

[[package]]
name = "et-xmlfile"
version = "1.1.0"
description = "An implementation of lxml.xmlfile for the standard library"
category = "main"
optional = false
python-versions = ">=3.6"

[[package]]
name = "fastapi"
version = "0.70.1"
description = "FastAPI framework, high performance, easy to learn, fast to code, ready for production"
category = "main"
optional = false
python-versions = ">=3.6.1"

[package.dependencies]
pydantic = ">=1.6.2,<1.7 || >1.7,<1.7.1 || >1.7.1,<1.7.2 || >1.7.2,<1.7.3 || >1.7.3,<1.8 || >1.8,<1.8.1 || >1.8.1,<2.0.0"
starlette = "0.16.0"

[package.extras]
all = ["requests (>=2.24.0,<3.0.0)", "jinja2 (>=2.11.2,<4.0.0)", "python-multipart (>=0.0.5,<0.0.6)", "itsdangerous (>=1.1.0,<3.0.0)", "pyyaml (>=5.3.1,<6.0.0)", "ujson (>=4.0.1,<5.0.0)", "orjson (>=3.2.1,<4.0.0)", "email_validator (>=1.1.1,<2.0.0)", "uvicorn[standard] (>=0.12.0,<0.16.0)"]
dev = ["python-jose[cryptography] (>=3.3.0,<4.0.0)", "passlib[bcrypt] (>=1.7.2,<2.0.0)", "autoflake (>=1.4.0,<2.0.0)", "flake8 (>=3.8.3,<4.0.0)", "uvicorn[standard] (>=0.12.0,<0.16.0)"]
doc = ["mkdocs (>=1.1.2,<2.0.0)", "mkdocs-material (>=7.1.9,<8.0.0)", "mdx-include (>=1.4.1,<2.0.0)", "mkdocs-markdownextradata-plugin (>=0.1.7,<0.3.0)", "typer-cli (>=0.0.12,<0.0.13)", "pyyaml (>=5.3.1,<6.0.0)"]
test = ["pytest (>=6.2.4,<7.0.0)", "pytest-cov (>=2.12.0,<4.0.0)", "mypy (==0.910)", "flake8 (>=3.8.3,<4.0.0)", "black (==21.9b0)", "isort (>=5.0.6,<6.0.0)", "requests (>=2.24.0,<3.0.0)", "httpx (>=0.14.0,<0.19.0)", "email_validator (>=1.1.1,<2.0.0)", "sqlalchemy (>=1.3.18,<1.5.0)", "peewee (>=3.13.3,<4.0.0)", "databases[sqlite] (>=0.3.2,<0.6.0)", "orjson (>=3.2.1,<4.0.0)", "ujson (>=4.0.1,<5.0.0)", "python-multipart (>=0.0.5,<0.0.6)", "flask (>=1.1.2,<3.0.0)", "anyio[trio] (>=3.2.1,<4.0.0)", "types-ujson (==0.1.1)", "types-orjson (==3.6.0)", "types-dataclasses (==0.1.7)"]

[[package]]
name = "fastjsonschema"
version = "2.16.2"
description = "Fastest Python implementation of JSON schema"
category = "main"
optional = false
python-versions = "*"

[package.extras]
devel = ["colorama", "jsonschema", "json-spec", "pylint", "pytest", "pytest-benchmark", "pytest-cache", "validictory"]

[[package]]
name = "fcsparser"
version = "0.2.4"
description = "A python package for reading raw fcs files"
category = "main"
optional = false
python-versions = "*"

[package.dependencies]
numpy = "*"
pandas = "*"
six = "*"

[[package]]
name = "frozenlist"
version = "1.3.3"
description = "A list-like structure which implements collections.abc.MutableSequence"
category = "main"
optional = false
python-versions = ">=3.7"

[[package]]
name = "fsspec"
version = "2022.11.0"
description = "File-system specification"
category = "main"
optional = false
python-versions = ">=3.7"

[package.dependencies]
aiohttp = {version = "<4.0.0a0 || >4.0.0a0,<4.0.0a1 || >4.0.0a1", optional = true, markers = "extra == \"http\""}
requests = {version = "*", optional = true, markers = "extra == \"http\""}

[package.extras]
abfs = ["adlfs"]
adl = ["adlfs"]
arrow = ["pyarrow (>=1)"]
dask = ["dask", "distributed"]
dropbox = ["dropboxdrivefs", "requests", "dropbox"]
entrypoints = ["importlib-metadata"]
fuse = ["fusepy"]
gcs = ["gcsfs"]
git = ["pygit2"]
github = ["requests"]
gs = ["gcsfs"]
gui = ["panel"]
hdfs = ["pyarrow (>=1)"]
http = ["requests", "aiohttp (!=4.0.0a0,!=4.0.0a1)"]
libarchive = ["libarchive-c"]
oci = ["ocifs"]
s3 = ["s3fs"]
sftp = ["paramiko"]
smb = ["smbprotocol"]
ssh = ["paramiko"]
tqdm = ["tqdm"]

[[package]]
name = "graphql-core"
version = "3.1.7"
description = "GraphQL implementation for Python, a port of GraphQL.js, the JavaScript reference implementation for GraphQL."
category = "main"
optional = false
python-versions = ">=3.6,<4"

[[package]]
name = "h11"
version = "0.14.0"
description = "A pure-Python, bring-your-own-I/O implementation of HTTP/1.1"
category = "dev"
optional = false
python-versions = ">=3.7"

[[package]]
name = "heapdict"
version = "1.0.1"
description = "a heap with decrease-key and increase-key operations"
category = "main"
optional = false
python-versions = "*"

[[package]]
name = "httptools"
version = "0.2.0"
description = "A collection of framework independent HTTP protocol utils."
category = "dev"
optional = false
python-versions = "*"

[package.extras]
test = ["Cython (==0.29.22)"]

[[package]]
name = "idna"
version = "3.4"
description = "Internationalized Domain Names in Applications (IDNA)"
category = "main"
optional = false
python-versions = ">=3.5"

[[package]]
name = "imageio"
version = "2.5.0"
description = "Library for reading and writing a wide range of image, video, scientific, and volumetric data formats."
category = "main"
optional = false
python-versions = ">=2.7, !=3.0.*, !=3.1.*, !=3.2.*, !=3.3.*"

[package.dependencies]
numpy = "*"
pillow = "*"

[package.extras]
ffmpeg = ["imageio-ffmpeg"]
fits = ["astropy"]
full = ["astropy", "gdal", "imageio-ffmpeg", "itk"]
gdal = ["gdal"]
itk = ["itk"]

[[package]]
name = "importlib-resources"
version = "5.10.1"
description = "Read resources from Python packages"
category = "main"
optional = false
python-versions = ">=3.7"

[package.extras]
docs = ["sphinx (>=3.5)", "jaraco.packaging (>=9)", "rst.linker (>=1.9)", "furo", "jaraco.tidelift (>=1.4)"]
testing = ["pytest (>=6)", "pytest-checkdocs (>=2.4)", "flake8 (<5)", "pytest-cov", "pytest-enabler (>=1.3)", "pytest-black (>=0.3.7)", "pytest-mypy (>=0.9.1)", "pytest-flake8"]

[[package]]
name = "jinja2"
version = "3.1.2"
description = "A very fast and expressive template engine."
category = "main"
optional = false
python-versions = ">=3.7"

[package.dependencies]
MarkupSafe = ">=2.0"

[package.extras]
i18n = ["Babel (>=2.7)"]

[[package]]
name = "jmespath"
version = "1.0.1"
description = "JSON Matching Expressions"
category = "main"
optional = false
python-versions = ">=3.7"

[[package]]
name = "jsonschema"
version = "4.17.3"
description = "An implementation of JSON Schema validation for Python"
category = "main"
optional = false
python-versions = ">=3.7"

[package.dependencies]
attrs = ">=17.4.0"
pyrsistent = ">=0.14.0,<0.17.0 || >0.17.0,<0.17.1 || >0.17.1,<0.17.2 || >0.17.2"

[package.extras]
format = ["fqdn", "idna", "isoduration", "jsonpointer (>1.13)", "rfc3339-validator", "rfc3987", "uri-template", "webcolors (>=1.11)"]
format-nongpl = ["fqdn", "idna", "isoduration", "jsonpointer (>1.13)", "rfc3339-validator", "rfc3986-validator (>0.1.0)", "uri-template", "webcolors (>=1.11)"]

[[package]]
name = "jupyter-client"
version = "7.4.8"
description = "Jupyter protocol implementation and client libraries"
category = "main"
optional = false
python-versions = ">=3.7"

[package.dependencies]
entrypoints = "*"
jupyter-core = ">=4.9.2"
nest-asyncio = ">=1.5.4"
python-dateutil = ">=2.8.2"
pyzmq = ">=23.0"
tornado = ">=6.2"
traitlets = "*"

[package.extras]
doc = ["ipykernel", "myst-parser", "sphinx-rtd-theme", "sphinx (>=1.3.6)", "sphinxcontrib-github-alt"]
test = ["codecov", "coverage", "ipykernel (>=6.12)", "ipython", "mypy", "pre-commit", "pytest", "pytest-asyncio (>=0.18)", "pytest-cov", "pytest-timeout"]

[[package]]
name = "jupyter-core"
version = "5.1.0"
description = "Jupyter core package. A base package on which Jupyter projects rely."
category = "main"
optional = false
python-versions = ">=3.8"

[package.dependencies]
platformdirs = ">=2.5"
pywin32 = {version = ">=1.0", markers = "sys_platform == \"win32\" and platform_python_implementation != \"PyPy\""}
traitlets = ">=5.3"

[package.extras]
docs = ["myst-parser", "sphinxcontrib-github-alt", "traitlets"]
test = ["ipykernel", "pre-commit", "pytest", "pytest-cov", "pytest-timeout"]

[[package]]
name = "jupyterlab-pygments"
version = "0.2.2"
description = "Pygments theme using JupyterLab CSS variables"
category = "main"
optional = false
python-versions = ">=3.7"

[[package]]
name = "locket"
version = "1.0.0"
description = "File-based locks for Python on Linux and Windows"
category = "main"
optional = false
python-versions = ">=2.7, !=3.0.*, !=3.1.*, !=3.2.*, !=3.3.*"

[[package]]
name = "lxml"
version = "4.9.1"
description = "Powerful and Pythonic XML processing library combining libxml2/libxslt with the ElementTree API."
category = "main"
optional = false
python-versions = ">=2.7, !=3.0.*, !=3.1.*, !=3.2.*, !=3.3.*, != 3.4.*"

[package.extras]
cssselect = ["cssselect (>=0.7)"]
html5 = ["html5lib"]
htmlsoup = ["beautifulsoup4"]
source = ["Cython (>=0.29.7)"]

[[package]]
name = "markupsafe"
version = "2.1.1"
description = "Safely add untrusted strings to HTML/XML markup."
category = "main"
optional = false
python-versions = ">=3.7"

[[package]]
name = "mistune"
version = "0.8.4"
description = "The fastest markdown parser in pure Python"
category = "main"
optional = false
python-versions = "*"

[[package]]
name = "msgpack"
version = "1.0.4"
description = "MessagePack serializer"
category = "main"
optional = false
python-versions = "*"

[[package]]
name = "multidict"
version = "6.0.3"
description = "multidict implementation"
category = "main"
optional = false
python-versions = ">=3.7"

[[package]]
name = "mypy-extensions"
version = "0.4.3"
description = "Experimental type system extensions for programs checked with the mypy typechecker."
category = "dev"
optional = false
python-versions = "*"

[[package]]
name = "nbclient"
version = "0.7.2"
description = "A client library for executing notebooks. Formerly nbconvert's ExecutePreprocessor."
category = "main"
optional = false
python-versions = ">=3.7.0"

[package.dependencies]
jupyter-client = ">=6.1.12"
jupyter-core = ">=4.12,<5.0.0 || >=5.1.0"
nbformat = ">=5.1"
traitlets = ">=5.3"

[package.extras]
dev = ["pre-commit"]
docs = ["autodoc-traits", "mock", "moto", "myst-parser", "nbclient", "sphinx-book-theme", "sphinx (>=1.7)"]
test = ["ipykernel", "ipython", "ipywidgets", "nbconvert (>=7.0.0)", "pytest-asyncio", "pytest-cov (>=4.0)", "pytest (>=7.0)", "testpath", "xmltodict"]

[[package]]
name = "nbconvert"
version = "6.5.4"
description = "Converting Jupyter Notebooks"
category = "main"
optional = false
python-versions = ">=3.7"

[package.dependencies]
beautifulsoup4 = "*"
bleach = "*"
defusedxml = "*"
entrypoints = ">=0.2.2"
jinja2 = ">=3.0"
jupyter-core = ">=4.7"
jupyterlab-pygments = "*"
lxml = "*"
MarkupSafe = ">=2.0"
mistune = ">=0.8.1,<2"
nbclient = ">=0.5.0"
nbformat = ">=5.1"
packaging = "*"
pandocfilters = ">=1.4.1"
pygments = ">=2.4.1"
tinycss2 = "*"
traitlets = ">=5.0"

[package.extras]
all = ["pytest", "pytest-cov", "pytest-dependency", "ipykernel", "ipywidgets (>=7)", "pre-commit", "pyppeteer (>=1,<1.1)", "tornado (>=6.1)", "sphinx (>=1.5.1)", "sphinx-rtd-theme", "nbsphinx (>=0.2.12)", "ipython"]
docs = ["sphinx (>=1.5.1)", "sphinx-rtd-theme", "nbsphinx (>=0.2.12)", "ipython"]
serve = ["tornado (>=6.1)"]
test = ["pytest", "pytest-cov", "pytest-dependency", "ipykernel", "ipywidgets (>=7)", "pre-commit", "pyppeteer (>=1,<1.1)"]
webpdf = ["pyppeteer (>=1,<1.1)"]

[[package]]
name = "nbformat"
version = "5.7.0"
description = "The Jupyter Notebook format"
category = "main"
optional = false
python-versions = ">=3.7"

[package.dependencies]
fastjsonschema = "*"
jsonschema = ">=2.6"
jupyter-core = "*"
traitlets = ">=5.1"

[package.extras]
test = ["check-manifest", "pep440", "pre-commit", "pytest", "testpath"]

[[package]]
name = "nest-asyncio"
version = "1.5.6"
description = "Patch asyncio to allow nested event loops"
category = "main"
optional = false
python-versions = ">=3.5"

[[package]]
name = "numpy"
version = "1.23.5"
description = "NumPy is the fundamental package for array computing with Python."
category = "main"
optional = false
python-versions = ">=3.8"

[[package]]
name = "openpyxl"
version = "3.0.10"
description = "A Python library to read/write Excel 2010 xlsx/xlsm files"
category = "main"
optional = false
python-versions = ">=3.6"

[package.dependencies]
et-xmlfile = "*"

[[package]]
name = "packaging"
version = "22.0"
description = "Core utilities for Python packages"
category = "main"
optional = false
python-versions = ">=3.7"

[[package]]
name = "pandas"
version = "1.5.2"
description = "Powerful data structures for data analysis, time series, and statistics"
category = "main"
optional = false
python-versions = ">=3.8"

[package.dependencies]
numpy = {version = ">=1.21.0", markers = "python_version >= \"3.10\""}
python-dateutil = ">=2.8.1"
pytz = ">=2020.1"

[package.extras]
test = ["hypothesis (>=5.5.3)", "pytest (>=6.0)", "pytest-xdist (>=1.31)"]

[[package]]
name = "pandocfilters"
version = "1.5.0"
description = "Utilities for writing pandoc filters in python"
category = "main"
optional = false
python-versions = ">=2.7, !=3.0.*, !=3.1.*, !=3.2.*, !=3.3.*"

[[package]]
name = "partd"
version = "1.3.0"
description = "Appendable key-value storage"
category = "main"
optional = false
python-versions = ">=3.7"

[package.dependencies]
locket = "*"
toolz = "*"

[package.extras]
complete = ["numpy (>=1.9.0)", "pandas (>=0.19.0)", "pyzmq", "blosc"]

[[package]]
name = "pathspec"
version = "0.10.3"
description = "Utility library for gitignore style pattern matching of file paths."
category = "dev"
optional = false
python-versions = ">=3.7"

[[package]]
name = "pillow"
version = "9.3.0"
description = "Python Imaging Library (Fork)"
category = "main"
optional = false
python-versions = ">=3.7"

[package.extras]
docs = ["furo", "olefile", "sphinx (>=2.4)", "sphinx-copybutton", "sphinx-issues (>=3.0.1)", "sphinx-removed-in", "sphinxext-opengraph"]
tests = ["check-manifest", "coverage", "defusedxml", "markdown2", "olefile", "packaging", "pyroma", "pytest", "pytest-cov", "pytest-timeout"]

[[package]]
name = "platformdirs"
version = "2.6.0"
description = "A small Python package for determining appropriate platform-specific dirs, e.g. a \"user data dir\"."
category = "main"
optional = false
python-versions = ">=3.7"

[package.extras]
docs = ["furo (>=2022.9.29)", "proselint (>=0.13)", "sphinx-autodoc-typehints (>=1.19.4)", "sphinx (>=5.3)"]
test = ["appdirs (==1.4.4)", "pytest-cov (>=4)", "pytest-mock (>=3.10)", "pytest (>=7.2)"]

[[package]]
name = "psutil"
version = "5.9.4"
description = "Cross-platform lib for process and system monitoring in Python."
category = "main"
optional = false
python-versions = ">=2.7, !=3.0.*, !=3.1.*, !=3.2.*, !=3.3.*"

[package.extras]
test = ["ipaddress", "mock", "enum34", "pywin32", "wmi"]

[[package]]
name = "py"
version = "1.11.0"
description = "library with cross-python path, ini-parsing, io, code, log facilities"
category = "main"
optional = false
python-versions = ">=2.7, !=3.0.*, !=3.1.*, !=3.2.*, !=3.3.*, !=3.4.*"

[[package]]
name = "pyarrow"
version = "7.0.0"
description = "Python library for Apache Arrow"
category = "main"
optional = false
python-versions = ">=3.7"

[package.dependencies]
numpy = ">=1.16.6"

[[package]]
name = "pycparser"
version = "2.21"
description = "C parser in Python"
category = "main"
optional = false
python-versions = ">=2.7, !=3.0.*, !=3.1.*, !=3.2.*, !=3.3.*"

[[package]]
name = "pydantic"
version = "1.10.2"
description = "Data validation and settings management using python type hints"
category = "main"
optional = false
python-versions = ">=3.7"

[package.dependencies]
typing-extensions = ">=4.1.0"

[package.extras]
dotenv = ["python-dotenv (>=0.10.4)"]
email = ["email-validator (>=1.0.3)"]

[[package]]
name = "pygments"
version = "2.13.0"
description = "Pygments is a syntax highlighting package written in Python."
category = "main"
optional = false
python-versions = ">=3.6"

[package.extras]
plugins = ["importlib-metadata"]

[[package]]
name = "pyrsistent"
version = "0.19.2"
description = "Persistent/Functional/Immutable data structures"
category = "main"
optional = false
python-versions = ">=3.7"

[[package]]
name = "python-dateutil"
version = "2.8.2"
description = "Extensions to the standard Python datetime module"
category = "main"
optional = false
python-versions = "!=3.0.*,!=3.1.*,!=3.2.*,>=2.7"

[package.dependencies]
six = ">=1.5"

[[package]]
name = "python-dotenv"
version = "0.21.0"
description = "Read key-value pairs from a .env file and set them as environment variables"
category = "dev"
optional = false
python-versions = ">=3.7"

[package.extras]
cli = ["click (>=5.0)"]

[[package]]
name = "pytz"
version = "2022.6"
description = "World timezone definitions, modern and historical"
category = "main"
optional = false
python-versions = "*"

[[package]]
name = "pywin32"
version = "305"
description = "Python for Window Extensions"
category = "main"
optional = false
python-versions = "*"

[[package]]
name = "pyyaml"
version = "6.0"
description = "YAML parser and emitter for Python"
category = "main"
optional = false
python-versions = ">=3.6"

[[package]]
name = "pyzmq"
version = "24.0.1"
description = "Python bindings for 0MQ"
category = "main"
optional = false
python-versions = ">=3.6"

[package.dependencies]
cffi = {version = "*", markers = "implementation_name == \"pypy\""}
py = {version = "*", markers = "implementation_name == \"pypy\""}

[[package]]
name = "requests"
version = "2.28.1"
description = "Python HTTP for Humans."
category = "main"
optional = false
python-versions = ">=3.7, <4"

[package.dependencies]
certifi = ">=2017.4.17"
charset-normalizer = ">=2,<3"
idna = ">=2.5,<4"
urllib3 = ">=1.21.1,<1.27"

[package.extras]
socks = ["PySocks (>=1.5.6,!=1.5.7)"]
use_chardet_on_py3 = ["chardet (>=3.0.2,<6)"]

[[package]]
name = "s3transfer"
version = "0.6.0"
description = "An Amazon S3 Transfer Manager"
category = "main"
optional = false
python-versions = ">= 3.7"

[package.dependencies]
botocore = ">=1.12.36,<2.0a.0"

[package.extras]
crt = ["botocore[crt] (>=1.20.29,<2.0a.0)"]

[[package]]
name = "six"
version = "1.16.0"
description = "Python 2 and 3 compatibility utilities"
category = "main"
optional = false
python-versions = ">=2.7, !=3.0.*, !=3.1.*, !=3.2.*"

[[package]]
name = "sniffio"
version = "1.3.0"
description = "Sniff out which async library your code is running under"
category = "main"
optional = false
python-versions = ">=3.7"

[[package]]
name = "sortedcontainers"
version = "2.4.0"
description = "Sorted Containers -- Sorted List, Sorted Dict, Sorted Set"
category = "main"
optional = false
python-versions = "*"

[[package]]
name = "soupsieve"
version = "2.3.2.post1"
description = "A modern CSS selector implementation for Beautiful Soup."
category = "main"
optional = false
python-versions = ">=3.6"

[[package]]
name = "starlette"
version = "0.16.0"
description = "The little ASGI library that shines."
category = "main"
optional = false
python-versions = ">=3.6"

[package.dependencies]
anyio = ">=3.0.0,<4"

[package.extras]
full = ["itsdangerous", "jinja2", "python-multipart", "pyyaml", "requests", "graphene"]

[[package]]
name = "tblib"
version = "1.7.0"
description = "Traceback serialization library."
category = "main"
optional = false
python-versions = ">=2.7, !=3.0.*, !=3.1.*, !=3.2.*, !=3.3.*, !=3.4.*"

[[package]]
name = "tifffile"
version = "2022.10.10"
description = "Read and write TIFF files"
category = "main"
optional = false
python-versions = ">=3.8"

[package.dependencies]
numpy = ">=1.19.2"

[package.extras]
all = ["imagecodecs (>=2022.2.22)", "matplotlib (>=3.3)", "lxml", "zarr", "fsspec"]

[[package]]
name = "tinycss2"
version = "1.2.1"
description = "A tiny CSS parser"
category = "main"
optional = false
python-versions = ">=3.7"

[package.dependencies]
webencodings = ">=0.4"

[package.extras]
doc = ["sphinx", "sphinx-rtd-theme"]
test = ["pytest", "isort", "flake8"]

[[package]]
name = "tomli"
version = "2.0.1"
description = "A lil' TOML parser"
category = "dev"
optional = false
python-versions = ">=3.7"

[[package]]
name = "toolz"
version = "0.12.0"
description = "List processing tools and functional utilities"
category = "main"
optional = false
python-versions = ">=3.5"

[[package]]
name = "tornado"
version = "6.2"
description = "Tornado is a Python web framework and asynchronous networking library, originally developed at FriendFeed."
category = "main"
optional = false
python-versions = ">= 3.7"

[[package]]
name = "traitlets"
version = "5.7.1"
description = "Traitlets Python configuration system"
category = "main"
optional = false
python-versions = ">=3.7"

[package.extras]
docs = ["myst-parser", "pydata-sphinx-theme", "sphinx"]
lint = ["black (>=22.6.0)", "mdformat (>0.7)", "ruff (>=0.0.156)"]
test = ["pre-commit", "pytest"]
typing = ["mypy (>=0.990)"]

[[package]]
name = "typing-extensions"
version = "4.4.0"
description = "Backported and Experimental Type Hints for Python 3.7+"
category = "main"
optional = false
python-versions = ">=3.7"

[[package]]
name = "urllib3"
version = "1.26.13"
description = "HTTP library with thread-safe connection pooling, file post, and more."
category = "main"
optional = false
python-versions = ">=2.7, !=3.0.*, !=3.1.*, !=3.2.*, !=3.3.*, !=3.4.*, !=3.5.*"

[package.extras]
brotli = ["brotlicffi (>=0.8.0)", "brotli (>=1.0.9)", "brotlipy (>=0.6.0)"]
secure = ["pyOpenSSL (>=0.14)", "cryptography (>=1.3.4)", "idna (>=2.0.0)", "certifi", "urllib3-secure-extra", "ipaddress"]
socks = ["PySocks (>=1.5.6,!=1.5.7,<2.0)"]

[[package]]
name = "uvicorn"
version = "0.15.0"
description = "The lightning-fast ASGI server."
category = "dev"
optional = false
python-versions = "*"

[package.dependencies]
asgiref = ">=3.4.0"
click = ">=7.0"
colorama = {version = ">=0.4", optional = true, markers = "sys_platform == \"win32\" and extra == \"standard\""}
h11 = ">=0.8"
httptools = {version = ">=0.2.0,<0.3.0", optional = true, markers = "extra == \"standard\""}
python-dotenv = {version = ">=0.13", optional = true, markers = "extra == \"standard\""}
PyYAML = {version = ">=5.1", optional = true, markers = "extra == \"standard\""}
uvloop = {version = ">=0.14.0,<0.15.0 || >0.15.0,<0.15.1 || >0.15.1", optional = true, markers = "sys_platform != \"win32\" and sys_platform != \"cygwin\" and platform_python_implementation != \"PyPy\" and extra == \"standard\""}
watchgod = {version = ">=0.6", optional = true, markers = "extra == \"standard\""}
websockets = {version = ">=9.1", optional = true, markers = "extra == \"standard\""}

[package.extras]
standard = ["websockets (>=9.1)", "httptools (>=0.2.0,<0.3.0)", "watchgod (>=0.6)", "python-dotenv (>=0.13)", "PyYAML (>=5.1)", "uvloop (>=0.14.0,!=0.15.0,!=0.15.1)", "colorama (>=0.4)"]

[[package]]
name = "uvloop"
version = "0.17.0"
description = "Fast implementation of asyncio event loop on top of libuv"
category = "dev"
optional = false
python-versions = ">=3.7"

[package.extras]
dev = ["Cython (>=0.29.32,<0.30.0)", "pytest (>=3.6.0)", "Sphinx (>=4.1.2,<4.2.0)", "sphinxcontrib-asyncio (>=0.3.0,<0.4.0)", "sphinx-rtd-theme (>=0.5.2,<0.6.0)", "flake8 (>=3.9.2,<3.10.0)", "psutil", "pycodestyle (>=2.7.0,<2.8.0)", "pyOpenSSL (>=22.0.0,<22.1.0)", "mypy (>=0.800)", "aiohttp"]
docs = ["Sphinx (>=4.1.2,<4.2.0)", "sphinxcontrib-asyncio (>=0.3.0,<0.4.0)", "sphinx-rtd-theme (>=0.5.2,<0.6.0)"]
test = ["flake8 (>=3.9.2,<3.10.0)", "psutil", "pycodestyle (>=2.7.0,<2.8.0)", "pyOpenSSL (>=22.0.0,<22.1.0)", "mypy (>=0.800)", "Cython (>=0.29.32,<0.30.0)", "aiohttp"]

[[package]]
name = "watchgod"
version = "0.8.2"
description = "Simple, modern file watching and code reload in python."
category = "dev"
optional = false
python-versions = ">=3.7"

[package.dependencies]
anyio = ">=3.0.0,<4"

[[package]]
name = "webencodings"
version = "0.5.1"
description = "Character encoding aliases for legacy web content"
category = "main"
optional = false
python-versions = "*"

[[package]]
name = "websockets"
version = "10.4"
description = "An implementation of the WebSocket Protocol (RFC 6455 & 7692)"
category = "dev"
optional = false
python-versions = ">=3.7"

[[package]]
name = "wrapt"
version = "1.14.1"
description = "Module for decorators, wrappers and monkey patching."
category = "main"
optional = false
python-versions = "!=3.0.*,!=3.1.*,!=3.2.*,!=3.3.*,!=3.4.*,>=2.7"

[[package]]
name = "xlrd"
version = "2.0.1"
description = "Library for developers to extract data from Microsoft Excel (tm) .xls spreadsheet files"
category = "main"
optional = false
python-versions = ">=2.7, !=3.0.*, !=3.1.*, !=3.2.*, !=3.3.*, !=3.4.*, !=3.5.*"

[package.extras]
build = ["wheel", "twine"]
docs = ["sphinx"]
test = ["pytest", "pytest-cov"]

[[package]]
name = "yarl"
version = "1.8.2"
description = "Yet another URL library"
category = "main"
optional = false
python-versions = ">=3.7"

[package.dependencies]
idna = ">=2.0"
multidict = ">=4.0"

[[package]]
name = "zict"
version = "2.2.0"
description = "Mutable mapping tools"
category = "main"
optional = false
python-versions = ">=3.7"

[package.dependencies]
heapdict = "*"

[metadata]
lock-version = "1.1"
python-versions = "3.10.6"
content-hash = "847e47fa09cfe2bcec55242db03c8143b74a0bc0635a3d31a3bfaf4289e62d15"

[metadata.files]
aicsimageio = []
aicspylibczi = []
aiobotocore = []
aiohttp = []
aioitertools = []
aiosignal = []
anyio = []
ariadne = []
asgiproxy = []
asgiref = []
async-timeout = []
attrs = []
beautifulsoup4 = []
black = []
bleach = []
boto3 = []
botocore = []
cachetools = []
certifi = []
cffi = []
charset-normalizer = []
click = []
cloudpickle = []
colorama = []
dask = []
defusedxml = []
distributed = []
entrypoints = []
et-xmlfile = []
fastapi = []
fastjsonschema = []
fcsparser = []
frozenlist = []
fsspec = []
graphql-core = []
h11 = []
heapdict = []
httptools = []
idna = []
imageio = []
importlib-resources = []
jinja2 = []
jmespath = []
jsonschema = []
jupyter-client = []
jupyter-core = []
jupyterlab-pygments = []
locket = []
lxml = []
markupsafe = []
mistune = []
msgpack = []
multidict = []
mypy-extensions = []
nbclient = []
nbconvert = []
nbformat = []
nest-asyncio = []
numpy = []
openpyxl = []
packaging = []
pandas = []
pandocfilters = []
partd = []
pathspec = []
pillow = []
platformdirs = []
psutil = []
py = []
pyarrow = []
pycparser = []
pydantic = []
pygments = []
pyrsistent = []
python-dateutil = []
python-dotenv = []
pytz = []
pywin32 = []
pyyaml = []
pyzmq = []
requests = []
s3transfer = []
six = []
sniffio = []
sortedcontainers = []
soupsieve = []
starlette = []
tblib = []
tifffile = []
tinycss2 = []
tomli = []
toolz = []
tornado = []
traitlets = []
typing-extensions = []
urllib3 = []
uvicorn = []
uvloop = []
watchgod = []
webencodings = []
websockets = []
wrapt = []
xlrd = []
yarl = []
zict = []
